
Microsoft Visual Studio Solution File, Format Version 12.00
# Visual Studio Version 17
VisualStudioVersion = 17.2.32602.215
MinimumVisualStudioVersion = 10.0.40219.1
Project("{2150E333-8FDC-42A3-9474-1A3956D46DE8}") = "src", "src", "{EFACD311-9696-4E9C-A75E-B1AB0B98FA17}"
EndProject
Project("{9A19103F-16F7-4668-BE54-9A1E7A4F7556}") = "NippyWard.Text", "src\NippyWard.Text.Core\NippyWard.Text.Core.csproj", "{328C33C8-3FD6-4D9A-B66D-274B67AABC40}"
EndProject
Project("{9A19103F-16F7-4668-BE54-9A1E7A4F7556}") = "NippyWard.Text.Generator", "src\NippyWard.Text.Generator\NippyWard.Text.Generator.csproj", "{78B89F7C-C2C9-4B57-BA05-6BF765A92C60}"
EndProject
Project("{2150E333-8FDC-42A3-9474-1A3956D46DE8}") = "bench", "bench", "{8A6ABCFF-CE57-44A9-A1B8-4D91A29C5F98}"
EndProject
Project("{9A19103F-16F7-4668-BE54-9A1E7A4F7556}") = "StringComparer", "bench\StringComparer\StringComparer.csproj", "{9FC0FC5F-D837-4630-8FF5-6E5C40099070}"
EndProject
Project("{9A19103F-16F7-4668-BE54-9A1E7A4F7556}") = "StringEquality", "bench\StringEquality\StringEquality.csproj", "{0C42082F-8949-43AB-A9BD-55AB290516D7}"
EndProject
Project("{9A19103F-16F7-4668-BE54-9A1E7A4F7556}") = "StringHashing", "bench\StringHashing\StringHashing.csproj", "{71F52240-5B3C-4F61-9292-4FE892CFCF46}"
EndProject
Project("{2150E333-8FDC-42A3-9474-1A3956D46DE8}") = "test", "test", "{661DCEE4-4917-49B2-A428-13F419E993DF}"
EndProject
Project("{9A19103F-16F7-4668-BE54-9A1E7A4F7556}") = "NippyWard.Text.Tests", "test\NippyWard.Text.Tests\NippyWard.Text.Tests.csproj", "{3AA61B08-38A3-4D3F-8786-7A6327A90541}"
EndProject
Project("{9A19103F-16F7-4668-BE54-9A1E7A4F7556}") = "NippyWard.Text.LineFeed", "src\NippyWard.Text.LineFeed\NippyWard.Text.LineFeed.csproj", "{53730998-1F39-4981-8B50-A5363BDB2583}"
EndProject
Project("{9A19103F-16F7-4668-BE54-9A1E7A4F7556}") = "LineFeed", "bench\LineFeed\LineFeed.csproj", "{D4469E3B-7C0C-4CB8-8171-A52C7A5444A8}"
EndProject
Project("{2150E333-8FDC-42A3-9474-1A3956D46DE8}") = "Solution Items", "Solution Items", "{43F57AE4-41F3-478A-851C-809B30F7C2DE}"
	ProjectSection(SolutionItems) = preProject
		Directory.Build.props = Directory.Build.props
	EndProjectSection
EndProject
Project("{9A19103F-16F7-4668-BE54-9A1E7A4F7556}") = "NippyWard.Text.Validation", "src\NippyWard.Text.Validation\NippyWard.Text.Validation.csproj", "{D3CE5F67-AF75-4369-AC0A-E97D165E815C}"
EndProject
Project("{9A19103F-16F7-4668-BE54-9A1E7A4F7556}") = "NippyWard.Text.Validation.Tests", "test\NippyWard.Text.Validation.Tests\NippyWard.Text.Validation.Tests.csproj", "{F1E531F4-1C95-416E-A6EE-FDD6A0604530}"
EndProject
Project("{FAE04EC0-301F-11D3-BF4B-00C04F79EFBC}") = "Validation", "bench\Validation\Validation.csproj", "{432C709A-71AC-4E23-B587-46DC5DD6231C}"
EndProject
Global
	GlobalSection(SolutionConfigurationPlatforms) = preSolution
		Debug|Any CPU = Debug|Any CPU
		Release|Any CPU = Release|Any CPU
	EndGlobalSection
	GlobalSection(ProjectConfigurationPlatforms) = postSolution
		{328C33C8-3FD6-4D9A-B66D-274B67AABC40}.Debug|Any CPU.ActiveCfg = Debug|Any CPU
		{328C33C8-3FD6-4D9A-B66D-274B67AABC40}.Debug|Any CPU.Build.0 = Debug|Any CPU
		{328C33C8-3FD6-4D9A-B66D-274B67AABC40}.Release|Any CPU.ActiveCfg = Release|Any CPU
		{328C33C8-3FD6-4D9A-B66D-274B67AABC40}.Release|Any CPU.Build.0 = Release|Any CPU
		{78B89F7C-C2C9-4B57-BA05-6BF765A92C60}.Debug|Any CPU.ActiveCfg = Debug|Any CPU
		{78B89F7C-C2C9-4B57-BA05-6BF765A92C60}.Debug|Any CPU.Build.0 = Debug|Any CPU
		{78B89F7C-C2C9-4B57-BA05-6BF765A92C60}.Release|Any CPU.ActiveCfg = Release|Any CPU
		{78B89F7C-C2C9-4B57-BA05-6BF765A92C60}.Release|Any CPU.Build.0 = Release|Any CPU
		{9FC0FC5F-D837-4630-8FF5-6E5C40099070}.Debug|Any CPU.ActiveCfg = Debug|Any CPU
		{9FC0FC5F-D837-4630-8FF5-6E5C40099070}.Debug|Any CPU.Build.0 = Debug|Any CPU
		{9FC0FC5F-D837-4630-8FF5-6E5C40099070}.Release|Any CPU.ActiveCfg = Release|Any CPU
		{9FC0FC5F-D837-4630-8FF5-6E5C40099070}.Release|Any CPU.Build.0 = Release|Any CPU
		{0C42082F-8949-43AB-A9BD-55AB290516D7}.Debug|Any CPU.ActiveCfg = Debug|Any CPU
		{0C42082F-8949-43AB-A9BD-55AB290516D7}.Debug|Any CPU.Build.0 = Debug|Any CPU
		{0C42082F-8949-43AB-A9BD-55AB290516D7}.Release|Any CPU.ActiveCfg = Release|Any CPU
		{0C42082F-8949-43AB-A9BD-55AB290516D7}.Release|Any CPU.Build.0 = Release|Any CPU
		{71F52240-5B3C-4F61-9292-4FE892CFCF46}.Debug|Any CPU.ActiveCfg = Debug|Any CPU
		{71F52240-5B3C-4F61-9292-4FE892CFCF46}.Debug|Any CPU.Build.0 = Debug|Any CPU
		{71F52240-5B3C-4F61-9292-4FE892CFCF46}.Release|Any CPU.ActiveCfg = Release|Any CPU
		{71F52240-5B3C-4F61-9292-4FE892CFCF46}.Release|Any CPU.Build.0 = Release|Any CPU
		{3AA61B08-38A3-4D3F-8786-7A6327A90541}.Debug|Any CPU.ActiveCfg = Debug|Any CPU
		{3AA61B08-38A3-4D3F-8786-7A6327A90541}.Debug|Any CPU.Build.0 = Debug|Any CPU
		{3AA61B08-38A3-4D3F-8786-7A6327A90541}.Release|Any CPU.ActiveCfg = Release|Any CPU
		{3AA61B08-38A3-4D3F-8786-7A6327A90541}.Release|Any CPU.Build.0 = Release|Any CPU
		{53730998-1F39-4981-8B50-A5363BDB2583}.Debug|Any CPU.ActiveCfg = Debug|Any CPU
		{53730998-1F39-4981-8B50-A5363BDB2583}.Debug|Any CPU.Build.0 = Debug|Any CPU
		{53730998-1F39-4981-8B50-A5363BDB2583}.Release|Any CPU.ActiveCfg = Release|Any CPU
		{53730998-1F39-4981-8B50-A5363BDB2583}.Release|Any CPU.Build.0 = Release|Any CPU
		{D4469E3B-7C0C-4CB8-8171-A52C7A5444A8}.Debug|Any CPU.ActiveCfg = Debug|Any CPU
		{D4469E3B-7C0C-4CB8-8171-A52C7A5444A8}.Debug|Any CPU.Build.0 = Debug|Any CPU
		{D4469E3B-7C0C-4CB8-8171-A52C7A5444A8}.Release|Any CPU.ActiveCfg = Release|Any CPU
		{D4469E3B-7C0C-4CB8-8171-A52C7A5444A8}.Release|Any CPU.Build.0 = Release|Any CPU
		{D3CE5F67-AF75-4369-AC0A-E97D165E815C}.Debug|Any CPU.ActiveCfg = Debug|Any CPU
		{D3CE5F67-AF75-4369-AC0A-E97D165E815C}.Debug|Any CPU.Build.0 = Debug|Any CPU
		{D3CE5F67-AF75-4369-AC0A-E97D165E815C}.Release|Any CPU.ActiveCfg = Release|Any CPU
		{D3CE5F67-AF75-4369-AC0A-E97D165E815C}.Release|Any CPU.Build.0 = Release|Any CPU
		{F1E531F4-1C95-416E-A6EE-FDD6A0604530}.Debug|Any CPU.ActiveCfg = Debug|Any CPU
		{F1E531F4-1C95-416E-A6EE-FDD6A0604530}.Debug|Any CPU.Build.0 = Debug|Any CPU
		{F1E531F4-1C95-416E-A6EE-FDD6A0604530}.Release|Any CPU.ActiveCfg = Release|Any CPU
		{F1E531F4-1C95-416E-A6EE-FDD6A0604530}.Release|Any CPU.Build.0 = Release|Any CPU
		{432C709A-71AC-4E23-B587-46DC5DD6231C}.Debug|Any CPU.ActiveCfg = Debug|Any CPU
		{432C709A-71AC-4E23-B587-46DC5DD6231C}.Debug|Any CPU.Build.0 = Debug|Any CPU
		{432C709A-71AC-4E23-B587-46DC5DD6231C}.Release|Any CPU.ActiveCfg = Release|Any CPU
		{432C709A-71AC-4E23-B587-46DC5DD6231C}.Release|Any CPU.Build.0 = Release|Any CPU
	EndGlobalSection
	GlobalSection(SolutionProperties) = preSolution
		HideSolutionNode = FALSE
	EndGlobalSection
	GlobalSection(NestedProjects) = preSolution
		{328C33C8-3FD6-4D9A-B66D-274B67AABC40} = {EFACD311-9696-4E9C-A75E-B1AB0B98FA17}
		{78B89F7C-C2C9-4B57-BA05-6BF765A92C60} = {EFACD311-9696-4E9C-A75E-B1AB0B98FA17}
		{9FC0FC5F-D837-4630-8FF5-6E5C40099070} = {8A6ABCFF-CE57-44A9-A1B8-4D91A29C5F98}
		{0C42082F-8949-43AB-A9BD-55AB290516D7} = {8A6ABCFF-CE57-44A9-A1B8-4D91A29C5F98}
		{71F52240-5B3C-4F61-9292-4FE892CFCF46} = {8A6ABCFF-CE57-44A9-A1B8-4D91A29C5F98}
		{3AA61B08-38A3-4D3F-8786-7A6327A90541} = {661DCEE4-4917-49B2-A428-13F419E993DF}
		{53730998-1F39-4981-8B50-A5363BDB2583} = {EFACD311-9696-4E9C-A75E-B1AB0B98FA17}
		{D4469E3B-7C0C-4CB8-8171-A52C7A5444A8} = {8A6ABCFF-CE57-44A9-A1B8-4D91A29C5F98}
		{D3CE5F67-AF75-4369-AC0A-E97D165E815C} = {EFACD311-9696-4E9C-A75E-B1AB0B98FA17}
		{F1E531F4-1C95-416E-A6EE-FDD6A0604530} = {661DCEE4-4917-49B2-A428-13F419E993DF}
		{432C709A-71AC-4E23-B587-46DC5DD6231C} = {8A6ABCFF-CE57-44A9-A1B8-4D91A29C5F98}
	EndGlobalSection
	GlobalSection(ExtensibilityGlobals) = postSolution
		SolutionGuid = {6D02F53E-C1F8-4AA9-9BD5-088506D3EE58}
	EndGlobalSection
EndGlobal
